
Microsoft Visual Studio Solution File, Format Version 12.00
# Visual Studio Version 17
VisualStudioVersion = 17.0.31903.59
MinimumVisualStudioVersion = 10.0.40219.1
Project("{9A19103F-16F7-4668-BE54-9A1E7A4F7556}") = "TaxiShare.Infrastructure", "TaxiShare.Data\TaxiShare.Infrastructure.csproj", "{1DCC3639-4607-4ED2-BC70-2DF24C3697C8}"
EndProject
Project("{9A19103F-16F7-4668-BE54-9A1E7A4F7556}") = "TaxiShare.Domain", "TaxiShare.Core\TaxiShare.Domain.csproj", "{24600F59-C6EA-47D6-8F97-0DBDE584D98C}"
EndProject
Project("{9A19103F-16F7-4668-BE54-9A1E7A4F7556}") = "TaxiShare.Application", "TaxiShare.Application\TaxiShare.Application.csproj", "{3940CA4D-E42C-4693-A704-4DD2D90AB507}"
EndProject
Project("{9A19103F-16F7-4668-BE54-9A1E7A4F7556}") = "TaxiShare.Hub", "TaxiShare.API\TaxiShare.Hub.csproj", "{F45E2D95-0571-4781-90EE-AAD7CFCE80A1}"
EndProject
Global
	GlobalSection(SolutionConfigurationPlatforms) = preSolution
		Debug|Any CPU = Debug|Any CPU
		Release|Any CPU = Release|Any CPU
	EndGlobalSection
	GlobalSection(ProjectConfigurationPlatforms) = postSolution
		{1DCC3639-4607-4ED2-BC70-2DF24C3697C8}.Debug|Any CPU.ActiveCfg = Debug|Any CPU
		{1DCC3639-4607-4ED2-BC70-2DF24C3697C8}.Debug|Any CPU.Build.0 = Debug|Any CPU
		{1DCC3639-4607-4ED2-BC70-2DF24C3697C8}.Release|Any CPU.ActiveCfg = Release|Any CPU
		{1DCC3639-4607-4ED2-BC70-2DF24C3697C8}.Release|Any CPU.Build.0 = Release|Any CPU
		{24600F59-C6EA-47D6-8F97-0DBDE584D98C}.Debug|Any CPU.ActiveCfg = Debug|Any CPU
		{24600F59-C6EA-47D6-8F97-0DBDE584D98C}.Debug|Any CPU.Build.0 = Debug|Any CPU
		{24600F59-C6EA-47D6-8F97-0DBDE584D98C}.Release|Any CPU.ActiveCfg = Release|Any CPU
		{24600F59-C6EA-47D6-8F97-0DBDE584D98C}.Release|Any CPU.Build.0 = Release|Any CPU
		{3940CA4D-E42C-4693-A704-4DD2D90AB507}.Debug|Any CPU.ActiveCfg = Debug|Any CPU
		{3940CA4D-E42C-4693-A704-4DD2D90AB507}.Debug|Any CPU.Build.0 = Debug|Any CPU
		{3940CA4D-E42C-4693-A704-4DD2D90AB507}.Release|Any CPU.ActiveCfg = Release|Any CPU
		{3940CA4D-E42C-4693-A704-4DD2D90AB507}.Release|Any CPU.Build.0 = Release|Any CPU
		{F45E2D95-0571-4781-90EE-AAD7CFCE80A1}.Debug|Any CPU.ActiveCfg = Debug|Any CPU
		{F45E2D95-0571-4781-90EE-AAD7CFCE80A1}.Debug|Any CPU.Build.0 = Debug|Any CPU
		{F45E2D95-0571-4781-90EE-AAD7CFCE80A1}.Release|Any CPU.ActiveCfg = Release|Any CPU
		{F45E2D95-0571-4781-90EE-AAD7CFCE80A1}.Release|Any CPU.Build.0 = Release|Any CPU
	EndGlobalSection
	GlobalSection(SolutionProperties) = preSolution
		HideSolutionNode = FALSE
	EndGlobalSection
	GlobalSection(ExtensibilityGlobals) = postSolution
		SolutionGuid = {527E0C56-7119-440A-9EBF-9F4BF2E64794}
	EndGlobalSection
EndGlobal
